
Microsoft Visual Studio Solution File, Format Version 12.00
# Visual Studio Version 16
VisualStudioVersion = 16.0.31424.327
MinimumVisualStudioVersion = 10.0.40219.1
Project("{FAE04EC0-301F-11D3-BF4B-00C04F79EFBC}") = "gb-hw-oop5", "gb-hw-oop5\gb-hw-oop5.csproj", "{C05453B2-4573-4AC4-A2A0-BEBD871C3016}"
EndProject
Global
	GlobalSection(SolutionConfigurationPlatforms) = preSolution
		Debug|Any CPU = Debug|Any CPU
		Release|Any CPU = Release|Any CPU
	EndGlobalSection
	GlobalSection(ProjectConfigurationPlatforms) = postSolution
		{C05453B2-4573-4AC4-A2A0-BEBD871C3016}.Debug|Any CPU.ActiveCfg = Debug|Any CPU
		{C05453B2-4573-4AC4-A2A0-BEBD871C3016}.Debug|Any CPU.Build.0 = Debug|Any CPU
		{C05453B2-4573-4AC4-A2A0-BEBD871C3016}.Release|Any CPU.ActiveCfg = Release|Any CPU
		{C05453B2-4573-4AC4-A2A0-BEBD871C3016}.Release|Any CPU.Build.0 = Release|Any CPU
	EndGlobalSection
	GlobalSection(SolutionProperties) = preSolution
		HideSolutionNode = FALSE
	EndGlobalSection
	GlobalSection(ExtensibilityGlobals) = postSolution
		SolutionGuid = {361509E7-FE78-4679-B595-CA46614C3B77}
	EndGlobalSection
EndGlobal
